// !$*UTF8*$!
{
	archiveVersion = 1;
	classes = {
	};
	objectVersion = 50;
	objects = {

/* Begin PBXBuildFile section */
		E882860C267DF84500282DB3 /* Tests_iOS.swift in Sources */ = {isa = PBXBuildFile; fileRef = E882860B267DF84500282DB3 /* Tests_iOS.swift */; };
		E8828617267DF84500282DB3 /* Tests_macOS.swift in Sources */ = {isa = PBXBuildFile; fileRef = E8828616267DF84500282DB3 /* Tests_macOS.swift */; };
		E8828619267DF84500282DB3 /* HalicApp.swift in Sources */ = {isa = PBXBuildFile; fileRef = E88285F0267DF84300282DB3 /* HalicApp.swift */; };
		E882861A267DF84500282DB3 /* HalicApp.swift in Sources */ = {isa = PBXBuildFile; fileRef = E88285F0267DF84300282DB3 /* HalicApp.swift */; };
		E882861B267DF84500282DB3 /* ContentView.swift in Sources */ = {isa = PBXBuildFile; fileRef = E88285F1267DF84300282DB3 /* ContentView.swift */; };
		E882861C267DF84500282DB3 /* ContentView.swift in Sources */ = {isa = PBXBuildFile; fileRef = E88285F1267DF84300282DB3 /* ContentView.swift */; };
		E882861D267DF84500282DB3 /* Assets.xcassets in Resources */ = {isa = PBXBuildFile; fileRef = E88285F2267DF84500282DB3 /* Assets.xcassets */; };
		E882861E267DF84500282DB3 /* Assets.xcassets in Resources */ = {isa = PBXBuildFile; fileRef = E88285F2267DF84500282DB3 /* Assets.xcassets */; };
/* End PBXBuildFile section */

/* Begin PBXContainerItemProxy section */
		E8828608267DF84500282DB3 /* PBXContainerItemProxy */ = {
			isa = PBXContainerItemProxy;
			containerPortal = E88285EB267DF84300282DB3 /* Project object */;
			proxyType = 1;
			remoteGlobalIDString = E88285F6267DF84500282DB3;
			remoteInfo = "Halic (iOS)";
		};
		E8828613267DF84500282DB3 /* PBXContainerItemProxy */ = {
			isa = PBXContainerItemProxy;
			containerPortal = E88285EB267DF84300282DB3 /* Project object */;
			proxyType = 1;
			remoteGlobalIDString = E88285FE267DF84500282DB3;
			remoteInfo = "Halic (macOS)";
		};
/* End PBXContainerItemProxy section */

/* Begin PBXFileReference section */
		E88285F0267DF84300282DB3 /* HalicApp.swift */ = {isa = PBXFileReference; lastKnownFileType = sourcecode.swift; path = HalicApp.swift; sourceTree = "<group>"; };
		E88285F1267DF84300282DB3 /* ContentView.swift */ = {isa = PBXFileReference; lastKnownFileType = sourcecode.swift; path = ContentView.swift; sourceTree = "<group>"; };
		E88285F2267DF84500282DB3 /* Assets.xcassets */ = {isa = PBXFileReference; lastKnownFileType = folder.assetcatalog; path = Assets.xcassets; sourceTree = "<group>"; };
		E88285F7267DF84500282DB3 /* Halic.app */ = {isa = PBXFileReference; explicitFileType = wrapper.application; includeInIndex = 0; path = Halic.app; sourceTree = BUILT_PRODUCTS_DIR; };
		E88285FA267DF84500282DB3 /* Info.plist */ = {isa = PBXFileReference; lastKnownFileType = text.plist.xml; path = Info.plist; sourceTree = "<group>"; };
		E88285FF267DF84500282DB3 /* Halic.app */ = {isa = PBXFileReference; explicitFileType = wrapper.application; includeInIndex = 0; path = Halic.app; sourceTree = BUILT_PRODUCTS_DIR; };
		E8828601267DF84500282DB3 /* Info.plist */ = {isa = PBXFileReference; lastKnownFileType = text.plist.xml; path = Info.plist; sourceTree = "<group>"; };
		E8828602267DF84500282DB3 /* macOS.entitlements */ = {isa = PBXFileReference; lastKnownFileType = text.plist.entitlements; path = macOS.entitlements; sourceTree = "<group>"; };
		E8828607267DF84500282DB3 /* Tests iOS.xctest */ = {isa = PBXFileReference; explicitFileType = wrapper.cfbundle; includeInIndex = 0; path = "Tests iOS.xctest"; sourceTree = BUILT_PRODUCTS_DIR; };
		E882860B267DF84500282DB3 /* Tests_iOS.swift */ = {isa = PBXFileReference; lastKnownFileType = sourcecode.swift; path = Tests_iOS.swift; sourceTree = "<group>"; };
		E882860D267DF84500282DB3 /* Info.plist */ = {isa = PBXFileReference; lastKnownFileType = text.plist.xml; path = Info.plist; sourceTree = "<group>"; };
		E8828612267DF84500282DB3 /* Tests macOS.xctest */ = {isa = PBXFileReference; explicitFileType = wrapper.cfbundle; includeInIndex = 0; path = "Tests macOS.xctest"; sourceTree = BUILT_PRODUCTS_DIR; };
		E8828616267DF84500282DB3 /* Tests_macOS.swift */ = {isa = PBXFileReference; lastKnownFileType = sourcecode.swift; path = Tests_macOS.swift; sourceTree = "<group>"; };
		E8828618267DF84500282DB3 /* Info.plist */ = {isa = PBXFileReference; lastKnownFileType = text.plist.xml; path = Info.plist; sourceTree = "<group>"; };
/* End PBXFileReference section */

/* Begin PBXFrameworksBuildPhase section */
		E88285F4267DF84500282DB3 /* Frameworks */ = {
			isa = PBXFrameworksBuildPhase;
			buildActionMask = 2147483647;
			files = (
			);
			runOnlyForDeploymentPostprocessing = 0;
		};
		E88285FC267DF84500282DB3 /* Frameworks */ = {
			isa = PBXFrameworksBuildPhase;
			buildActionMask = 2147483647;
			files = (
			);
			runOnlyForDeploymentPostprocessing = 0;
		};
		E8828604267DF84500282DB3 /* Frameworks */ = {
			isa = PBXFrameworksBuildPhase;
			buildActionMask = 2147483647;
			files = (
			);
			runOnlyForDeploymentPostprocessing = 0;
		};
		E882860F267DF84500282DB3 /* Frameworks */ = {
			isa = PBXFrameworksBuildPhase;
			buildActionMask = 2147483647;
			files = (
			);
			runOnlyForDeploymentPostprocessing = 0;
		};
/* End PBXFrameworksBuildPhase section */

/* Begin PBXGroup section */
		E88285EA267DF84300282DB3 = {
			isa = PBXGroup;
			children = (
				E88285EF267DF84300282DB3 /* Shared */,
				E88285F9267DF84500282DB3 /* iOS */,
				E8828600267DF84500282DB3 /* macOS */,
				E882860A267DF84500282DB3 /* Tests iOS */,
				E8828615267DF84500282DB3 /* Tests macOS */,
				E88285F8267DF84500282DB3 /* Products */,
			);
			sourceTree = "<group>";
		};
		E88285EF267DF84300282DB3 /* Shared */ = {
			isa = PBXGroup;
			children = (
				E88285F0267DF84300282DB3 /* HalicApp.swift */,
				E88285F1267DF84300282DB3 /* ContentView.swift */,
				E88285F2267DF84500282DB3 /* Assets.xcassets */,
			);
			path = Shared;
			sourceTree = "<group>";
		};
		E88285F8267DF84500282DB3 /* Products */ = {
			isa = PBXGroup;
			children = (
				E88285F7267DF84500282DB3 /* Halic.app */,
				E88285FF267DF84500282DB3 /* Halic.app */,
				E8828607267DF84500282DB3 /* Tests iOS.xctest */,
				E8828612267DF84500282DB3 /* Tests macOS.xctest */,
			);
			name = Products;
			sourceTree = "<group>";
		};
		E88285F9267DF84500282DB3 /* iOS */ = {
			isa = PBXGroup;
			children = (
				E88285FA267DF84500282DB3 /* Info.plist */,
			);
			path = iOS;
			sourceTree = "<group>";
		};
		E8828600267DF84500282DB3 /* macOS */ = {
			isa = PBXGroup;
			children = (
				E8828601267DF84500282DB3 /* Info.plist */,
				E8828602267DF84500282DB3 /* macOS.entitlements */,
			);
			path = macOS;
			sourceTree = "<group>";
		};
		E882860A267DF84500282DB3 /* Tests iOS */ = {
			isa = PBXGroup;
			children = (
				E882860B267DF84500282DB3 /* Tests_iOS.swift */,
				E882860D267DF84500282DB3 /* Info.plist */,
			);
			path = "Tests iOS";
			sourceTree = "<group>";
		};
		E8828615267DF84500282DB3 /* Tests macOS */ = {
			isa = PBXGroup;
			children = (
				E8828616267DF84500282DB3 /* Tests_macOS.swift */,
				E8828618267DF84500282DB3 /* Info.plist */,
			);
			path = "Tests macOS";
			sourceTree = "<group>";
		};
/* End PBXGroup section */

/* Begin PBXNativeTarget section */
		E88285F6267DF84500282DB3 /* Halic (iOS) */ = {
			isa = PBXNativeTarget;
			buildConfigurationList = E8828621267DF84500282DB3 /* Build configuration list for PBXNativeTarget "Halic (iOS)" */;
			buildPhases = (
				E88285F3267DF84500282DB3 /* Sources */,
				E88285F4267DF84500282DB3 /* Frameworks */,
				E88285F5267DF84500282DB3 /* Resources */,
			);
			buildRules = (
			);
			dependencies = (
			);
			name = "Halic (iOS)";
			productName = "Halic (iOS)";
			productReference = E88285F7267DF84500282DB3 /* Halic.app */;
			productType = "com.apple.product-type.application";
		};
		E88285FE267DF84500282DB3 /* Halic (macOS) */ = {
			isa = PBXNativeTarget;
			buildConfigurationList = E8828624267DF84500282DB3 /* Build configuration list for PBXNativeTarget "Halic (macOS)" */;
			buildPhases = (
				E88285FB267DF84500282DB3 /* Sources */,
				E88285FC267DF84500282DB3 /* Frameworks */,
				E88285FD267DF84500282DB3 /* Resources */,
			);
			buildRules = (
			);
			dependencies = (
			);
			name = "Halic (macOS)";
			productName = "Halic (macOS)";
			productReference = E88285FF267DF84500282DB3 /* Halic.app */;
			productType = "com.apple.product-type.application";
		};
		E8828606267DF84500282DB3 /* Tests iOS */ = {
			isa = PBXNativeTarget;
			buildConfigurationList = E8828627267DF84500282DB3 /* Build configuration list for PBXNativeTarget "Tests iOS" */;
			buildPhases = (
				E8828603267DF84500282DB3 /* Sources */,
				E8828604267DF84500282DB3 /* Frameworks */,
				E8828605267DF84500282DB3 /* Resources */,
			);
			buildRules = (
			);
			dependencies = (
				E8828609267DF84500282DB3 /* PBXTargetDependency */,
			);
			name = "Tests iOS";
			productName = "Tests iOS";
			productReference = E8828607267DF84500282DB3 /* Tests iOS.xctest */;
			productType = "com.apple.product-type.bundle.ui-testing";
		};
		E8828611267DF84500282DB3 /* Tests macOS */ = {
			isa = PBXNativeTarget;
			buildConfigurationList = E882862A267DF84500282DB3 /* Build configuration list for PBXNativeTarget "Tests macOS" */;
			buildPhases = (
				E882860E267DF84500282DB3 /* Sources */,
				E882860F267DF84500282DB3 /* Frameworks */,
				E8828610267DF84500282DB3 /* Resources */,
			);
			buildRules = (
			);
			dependencies = (
				E8828614267DF84500282DB3 /* PBXTargetDependency */,
			);
			name = "Tests macOS";
			productName = "Tests macOS";
			productReference = E8828612267DF84500282DB3 /* Tests macOS.xctest */;
			productType = "com.apple.product-type.bundle.ui-testing";
		};
/* End PBXNativeTarget section */

/* Begin PBXProject section */
		E88285EB267DF84300282DB3 /* Project object */ = {
			isa = PBXProject;
			attributes = {
				LastSwiftUpdateCheck = 1250;
				LastUpgradeCheck = 1250;
				TargetAttributes = {
					E88285F6267DF84500282DB3 = {
						CreatedOnToolsVersion = 12.5;
					};
					E88285FE267DF84500282DB3 = {
						CreatedOnToolsVersion = 12.5;
					};
					E8828606267DF84500282DB3 = {
						CreatedOnToolsVersion = 12.5;
						TestTargetID = E88285F6267DF84500282DB3;
					};
					E8828611267DF84500282DB3 = {
						CreatedOnToolsVersion = 12.5;
						TestTargetID = E88285FE267DF84500282DB3;
					};
				};
			};
			buildConfigurationList = E88285EE267DF84300282DB3 /* Build configuration list for PBXProject "Halic" */;
			compatibilityVersion = "Xcode 9.3";
			developmentRegion = en;
			hasScannedForEncodings = 0;
			knownRegions = (
				en,
				Base,
			);
			mainGroup = E88285EA267DF84300282DB3;
			productRefGroup = E88285F8267DF84500282DB3 /* Products */;
			projectDirPath = "";
			projectRoot = "";
			targets = (
				E88285F6267DF84500282DB3 /* Halic (iOS) */,
				E88285FE267DF84500282DB3 /* Halic (macOS) */,
				E8828606267DF84500282DB3 /* Tests iOS */,
				E8828611267DF84500282DB3 /* Tests macOS */,
			);
		};
/* End PBXProject section */

/* Begin PBXResourcesBuildPhase section */
		E88285F5267DF84500282DB3 /* Resources */ = {
			isa = PBXResourcesBuildPhase;
			buildActionMask = 2147483647;
			files = (
				E882861D267DF84500282DB3 /* Assets.xcassets in Resources */,
			);
			runOnlyForDeploymentPostprocessing = 0;
		};
		E88285FD267DF84500282DB3 /* Resources */ = {
			isa = PBXResourcesBuildPhase;
			buildActionMask = 2147483647;
			files = (
				E882861E267DF84500282DB3 /* Assets.xcassets in Resources */,
			);
			runOnlyForDeploymentPostprocessing = 0;
		};
		E8828605267DF84500282DB3 /* Resources */ = {
			isa = PBXResourcesBuildPhase;
			buildActionMask = 2147483647;
			files = (
			);
			runOnlyForDeploymentPostprocessing = 0;
		};
		E8828610267DF84500282DB3 /* Resources */ = {
			isa = PBXResourcesBuildPhase;
			buildActionMask = 2147483647;
			files = (
			);
			runOnlyForDeploymentPostprocessing = 0;
		};
/* End PBXResourcesBuildPhase section */

/* Begin PBXSourcesBuildPhase section */
		E88285F3267DF84500282DB3 /* Sources */ = {
			isa = PBXSourcesBuildPhase;
			buildActionMask = 2147483647;
			files = (
				E882861B267DF84500282DB3 /* ContentView.swift in Sources */,
				E8828619267DF84500282DB3 /* HalicApp.swift in Sources */,
			);
			runOnlyForDeploymentPostprocessing = 0;
		};
		E88285FB267DF84500282DB3 /* Sources */ = {
			isa = PBXSourcesBuildPhase;
			buildActionMask = 2147483647;
			files = (
				E882861C267DF84500282DB3 /* ContentView.swift in Sources */,
				E882861A267DF84500282DB3 /* HalicApp.swift in Sources */,
			);
			runOnlyForDeploymentPostprocessing = 0;
		};
		E8828603267DF84500282DB3 /* Sources */ = {
			isa = PBXSourcesBuildPhase;
			buildActionMask = 2147483647;
			files = (
				E882860C267DF84500282DB3 /* Tests_iOS.swift in Sources */,
			);
			runOnlyForDeploymentPostprocessing = 0;
		};
		E882860E267DF84500282DB3 /* Sources */ = {
			isa = PBXSourcesBuildPhase;
			buildActionMask = 2147483647;
			files = (
				E8828617267DF84500282DB3 /* Tests_macOS.swift in Sources */,
			);
			runOnlyForDeploymentPostprocessing = 0;
		};
/* End PBXSourcesBuildPhase section */

/* Begin PBXTargetDependency section */
		E8828609267DF84500282DB3 /* PBXTargetDependency */ = {
			isa = PBXTargetDependency;
			target = E88285F6267DF84500282DB3 /* Halic (iOS) */;
			targetProxy = E8828608267DF84500282DB3 /* PBXContainerItemProxy */;
		};
		E8828614267DF84500282DB3 /* PBXTargetDependency */ = {
			isa = PBXTargetDependency;
			target = E88285FE267DF84500282DB3 /* Halic (macOS) */;
			targetProxy = E8828613267DF84500282DB3 /* PBXContainerItemProxy */;
		};
/* End PBXTargetDependency section */

/* Begin XCBuildConfiguration section */
		E882861F267DF84500282DB3 /* Debug */ = {
			isa = XCBuildConfiguration;
			buildSettings = {
				ALWAYS_SEARCH_USER_PATHS = NO;
				CLANG_ANALYZER_NONNULL = YES;
				CLANG_ANALYZER_NUMBER_OBJECT_CONVERSION = YES_AGGRESSIVE;
				CLANG_CXX_LANGUAGE_STANDARD = "gnu++14";
				CLANG_CXX_LIBRARY = "libc++";
				CLANG_ENABLE_MODULES = YES;
				CLANG_ENABLE_OBJC_ARC = YES;
				CLANG_ENABLE_OBJC_WEAK = YES;
				CLANG_WARN_BLOCK_CAPTURE_AUTORELEASING = YES;
				CLANG_WARN_BOOL_CONVERSION = YES;
				CLANG_WARN_COMMA = YES;
				CLANG_WARN_CONSTANT_CONVERSION = YES;
				CLANG_WARN_DEPRECATED_OBJC_IMPLEMENTATIONS = YES;
				CLANG_WARN_DIRECT_OBJC_ISA_USAGE = YES_ERROR;
				CLANG_WARN_DOCUMENTATION_COMMENTS = YES;
				CLANG_WARN_EMPTY_BODY = YES;
				CLANG_WARN_ENUM_CONVERSION = YES;
				CLANG_WARN_INFINITE_RECURSION = YES;
				CLANG_WARN_INT_CONVERSION = YES;
				CLANG_WARN_NON_LITERAL_NULL_CONVERSION = YES;
				CLANG_WARN_OBJC_IMPLICIT_RETAIN_SELF = YES;
				CLANG_WARN_OBJC_LITERAL_CONVERSION = YES;
				CLANG_WARN_OBJC_ROOT_CLASS = YES_ERROR;
				CLANG_WARN_QUOTED_INCLUDE_IN_FRAMEWORK_HEADER = YES;
				CLANG_WARN_RANGE_LOOP_ANALYSIS = YES;
				CLANG_WARN_STRICT_PROTOTYPES = YES;
				CLANG_WARN_SUSPICIOUS_MOVE = YES;
				CLANG_WARN_UNGUARDED_AVAILABILITY = YES_AGGRESSIVE;
				CLANG_WARN_UNREACHABLE_CODE = YES;
				CLANG_WARN__DUPLICATE_METHOD_MATCH = YES;
				COPY_PHASE_STRIP = NO;
				DEBUG_INFORMATION_FORMAT = dwarf;
				ENABLE_STRICT_OBJC_MSGSEND = YES;
				ENABLE_TESTABILITY = YES;
				GCC_C_LANGUAGE_STANDARD = gnu11;
				GCC_DYNAMIC_NO_PIC = NO;
				GCC_NO_COMMON_BLOCKS = YES;
				GCC_OPTIMIZATION_LEVEL = 0;
				GCC_PREPROCESSOR_DEFINITIONS = (
					"DEBUG=1",
					"$(inherited)",
				);
				GCC_WARN_64_TO_32_BIT_CONVERSION = YES;
				GCC_WARN_ABOUT_RETURN_TYPE = YES_ERROR;
				GCC_WARN_UNDECLARED_SELECTOR = YES;
				GCC_WARN_UNINITIALIZED_AUTOS = YES_AGGRESSIVE;
				GCC_WARN_UNUSED_FUNCTION = YES;
				GCC_WARN_UNUSED_VARIABLE = YES;
				MTL_ENABLE_DEBUG_INFO = INCLUDE_SOURCE;
				MTL_FAST_MATH = YES;
				ONLY_ACTIVE_ARCH = YES;
				SWIFT_ACTIVE_COMPILATION_CONDITIONS = DEBUG;
				SWIFT_OPTIMIZATION_LEVEL = "-Onone";
			};
			name = Debug;
		};
		E8828620267DF84500282DB3 /* Release */ = {
			isa = XCBuildConfiguration;
			buildSettings = {
				ALWAYS_SEARCH_USER_PATHS = NO;
				CLANG_ANALYZER_NONNULL = YES;
				CLANG_ANALYZER_NUMBER_OBJECT_CONVERSION = YES_AGGRESSIVE;
				CLANG_CXX_LANGUAGE_STANDARD = "gnu++14";
				CLANG_CXX_LIBRARY = "libc++";
				CLANG_ENABLE_MODULES = YES;
				CLANG_ENABLE_OBJC_ARC = YES;
				CLANG_ENABLE_OBJC_WEAK = YES;
				CLANG_WARN_BLOCK_CAPTURE_AUTORELEASING = YES;
				CLANG_WARN_BOOL_CONVERSION = YES;
				CLANG_WARN_COMMA = YES;
				CLANG_WARN_CONSTANT_CONVERSION = YES;
				CLANG_WARN_DEPRECATED_OBJC_IMPLEMENTATIONS = YES;
				CLANG_WARN_DIRECT_OBJC_ISA_USAGE = YES_ERROR;
				CLANG_WARN_DOCUMENTATION_COMMENTS = YES;
				CLANG_WARN_EMPTY_BODY = YES;
				CLANG_WARN_ENUM_CONVERSION = YES;
				CLANG_WARN_INFINITE_RECURSION = YES;
				CLANG_WARN_INT_CONVERSION = YES;
				CLANG_WARN_NON_LITERAL_NULL_CONVERSION = YES;
				CLANG_WARN_OBJC_IMPLICIT_RETAIN_SELF = YES;
				CLANG_WARN_OBJC_LITERAL_CONVERSION = YES;
				CLANG_WARN_OBJC_ROOT_CLASS = YES_ERROR;
				CLANG_WARN_QUOTED_INCLUDE_IN_FRAMEWORK_HEADER = YES;
				CLANG_WARN_RANGE_LOOP_ANALYSIS = YES;
				CLANG_WARN_STRICT_PROTOTYPES = YES;
				CLANG_WARN_SUSPICIOUS_MOVE = YES;
				CLANG_WARN_UNGUARDED_AVAILABILITY = YES_AGGRESSIVE;
				CLANG_WARN_UNREACHABLE_CODE = YES;
				CLANG_WARN__DUPLICATE_METHOD_MATCH = YES;
				COPY_PHASE_STRIP = NO;
				DEBUG_INFORMATION_FORMAT = "dwarf-with-dsym";
				ENABLE_NS_ASSERTIONS = NO;
				ENABLE_STRICT_OBJC_MSGSEND = YES;
				GCC_C_LANGUAGE_STANDARD = gnu11;
				GCC_NO_COMMON_BLOCKS = YES;
				GCC_WARN_64_TO_32_BIT_CONVERSION = YES;
				GCC_WARN_ABOUT_RETURN_TYPE = YES_ERROR;
				GCC_WARN_UNDECLARED_SELECTOR = YES;
				GCC_WARN_UNINITIALIZED_AUTOS = YES_AGGRESSIVE;
				GCC_WARN_UNUSED_FUNCTION = YES;
				GCC_WARN_UNUSED_VARIABLE = YES;
				MTL_ENABLE_DEBUG_INFO = NO;
				MTL_FAST_MATH = YES;
				SWIFT_COMPILATION_MODE = wholemodule;
				SWIFT_OPTIMIZATION_LEVEL = "-O";
			};
			name = Release;
		};
		E8828622267DF84500282DB3 /* Debug */ = {
			isa = XCBuildConfiguration;
			buildSettings = {
				ASSETCATALOG_COMPILER_APPICON_NAME = AppIcon;
				ASSETCATALOG_COMPILER_GLOBAL_ACCENT_COLOR_NAME = AccentColor;
				CODE_SIGN_STYLE = Automatic;
				ENABLE_PREVIEWS = YES;
				INFOPLIST_FILE = iOS/Info.plist;
				IPHONEOS_DEPLOYMENT_TARGET = 14.0;
				LD_RUNPATH_SEARCH_PATHS = (
					"$(inherited)",
					"@executable_path/Frameworks",
				);
				PRODUCT_BUNDLE_IDENTIFIER = com.can.Halic.Halic;
				PRODUCT_NAME = Halic;
				SDKROOT = iphoneos;
				SWIFT_VERSION = 5.0;
				TARGETED_DEVICE_FAMILY = "1,2";
			};
			name = Debug;
		};
		E8828623267DF84500282DB3 /* Release */ = {
			isa = XCBuildConfiguration;
			buildSettings = {
				ASSETCATALOG_COMPILER_APPICON_NAME = AppIcon;
				ASSETCATALOG_COMPILER_GLOBAL_ACCENT_COLOR_NAME = AccentColor;
				CODE_SIGN_STYLE = Automatic;
				ENABLE_PREVIEWS = YES;
				INFOPLIST_FILE = iOS/Info.plist;
				IPHONEOS_DEPLOYMENT_TARGET = 14.0;
				LD_RUNPATH_SEARCH_PATHS = (
					"$(inherited)",
					"@executable_path/Frameworks",
				);
				PRODUCT_BUNDLE_IDENTIFIER = com.can.Halic.Halic;
				PRODUCT_NAME = Halic;
				SDKROOT = iphoneos;
				SWIFT_VERSION = 5.0;
				TARGETED_DEVICE_FAMILY = "1,2";
				VALIDATE_PRODUCT = YES;
			};
			name = Release;
		};
		E8828625267DF84500282DB3 /* Debug */ = {
			isa = XCBuildConfiguration;
			buildSettings = {
				ASSETCATALOG_COMPILER_APPICON_NAME = AppIcon;
				ASSETCATALOG_COMPILER_GLOBAL_ACCENT_COLOR_NAME = AccentColor;
				CODE_SIGN_ENTITLEMENTS = macOS/macOS.entitlements;
				CODE_SIGN_STYLE = Automatic;
				COMBINE_HIDPI_IMAGES = YES;
				ENABLE_PREVIEWS = YES;
				INFOPLIST_FILE = macOS/Info.plist;
				LD_RUNPATH_SEARCH_PATHS = (
					"$(inherited)",
					"@executable_path/../Frameworks",
				);
				MACOSX_DEPLOYMENT_TARGET = 11.0;
				PRODUCT_BUNDLE_IDENTIFIER = com.can.Halic.Halic;
				PRODUCT_NAME = Halic;
				SDKROOT = macosx;
				SWIFT_VERSION = 5.0;
			};
			name = Debug;
		};
		E8828626267DF84500282DB3 /* Release */ = {
			isa = XCBuildConfiguration;
			buildSettings = {
				ASSETCATALOG_COMPILER_APPICON_NAME = AppIcon;
				ASSETCATALOG_COMPILER_GLOBAL_ACCENT_COLOR_NAME = AccentColor;
				CODE_SIGN_ENTITLEMENTS = macOS/macOS.entitlements;
				CODE_SIGN_STYLE = Automatic;
				COMBINE_HIDPI_IMAGES = YES;
				ENABLE_PREVIEWS = YES;
				INFOPLIST_FILE = macOS/Info.plist;
				LD_RUNPATH_SEARCH_PATHS = (
					"$(inherited)",
					"@executable_path/../Frameworks",
				);
				MACOSX_DEPLOYMENT_TARGET = 11.0;
				PRODUCT_BUNDLE_IDENTIFIER = com.can.Halic.Halic;
				PRODUCT_NAME = Halic;
				SDKROOT = macosx;
				SWIFT_VERSION = 5.0;
			};
			name = Release;
		};
		E8828628267DF84500282DB3 /* Debug */ = {
			isa = XCBuildConfiguration;
			buildSettings = {
				ALWAYS_EMBED_SWIFT_STANDARD_LIBRARIES = YES;
				CODE_SIGN_STYLE = Automatic;
				INFOPLIST_FILE = "Tests iOS/Info.plist";
				IPHONEOS_DEPLOYMENT_TARGET = 14.5;
				LD_RUNPATH_SEARCH_PATHS = (
					"$(inherited)",
					"@executable_path/Frameworks",
					"@loader_path/Frameworks",
				);
				PRODUCT_BUNDLE_IDENTIFIER = "com.can.Halic.Tests-iOS";
				PRODUCT_NAME = "$(TARGET_NAME)";
				SDKROOT = iphoneos;
				SWIFT_VERSION = 5.0;
				TARGETED_DEVICE_FAMILY = "1,2";
				TEST_TARGET_NAME = "Halic (iOS)";
			};
			name = Debug;
		};
		E8828629267DF84500282DB3 /* Release */ = {
			isa = XCBuildConfiguration;
			buildSettings = {
				ALWAYS_EMBED_SWIFT_STANDARD_LIBRARIES = YES;
				CODE_SIGN_STYLE = Automatic;
				INFOPLIST_FILE = "Tests iOS/Info.plist";
				IPHONEOS_DEPLOYMENT_TARGET = 14.5;
				LD_RUNPATH_SEARCH_PATHS = (
					"$(inherited)",
					"@executable_path/Frameworks",
					"@loader_path/Frameworks",
				);
				PRODUCT_BUNDLE_IDENTIFIER = "com.can.Halic.Tests-iOS";
				PRODUCT_NAME = "$(TARGET_NAME)";
				SDKROOT = iphoneos;
				SWIFT_VERSION = 5.0;
				TARGETED_DEVICE_FAMILY = "1,2";
				TEST_TARGET_NAME = "Halic (iOS)";
				VALIDATE_PRODUCT = YES;
			};
			name = Release;
		};
		E882862B267DF84500282DB3 /* Debug */ = {
			isa = XCBuildConfiguration;
			buildSettings = {
				ALWAYS_EMBED_SWIFT_STANDARD_LIBRARIES = YES;
				CODE_SIGN_STYLE = Automatic;
				COMBINE_HIDPI_IMAGES = YES;
				INFOPLIST_FILE = "Tests macOS/Info.plist";
				LD_RUNPATH_SEARCH_PATHS = (
					"$(inherited)",
					"@executable_path/../Frameworks",
					"@loader_path/../Frameworks",
				);
				MACOSX_DEPLOYMENT_TARGET = 11.3;
				PRODUCT_BUNDLE_IDENTIFIER = "com.can.Halic.Tests-macOS";
				PRODUCT_NAME = "$(TARGET_NAME)";
				SDKROOT = macosx;
				SWIFT_VERSION = 5.0;
				TEST_TARGET_NAME = "Halic (macOS)";
			};
			name = Debug;
		};
		E882862C267DF84500282DB3 /* Release */ = {
			isa = XCBuildConfiguration;
			buildSettings = {
				ALWAYS_EMBED_SWIFT_STANDARD_LIBRARIES = YES;
				CODE_SIGN_STYLE = Automatic;
				COMBINE_HIDPI_IMAGES = YES;
				INFOPLIST_FILE = "Tests macOS/Info.plist";
				LD_RUNPATH_SEARCH_PATHS = (
					"$(inherited)",
					"@executable_path/../Frameworks",
					"@loader_path/../Frameworks",
				);
				MACOSX_DEPLOYMENT_TARGET = 11.3;
				PRODUCT_BUNDLE_IDENTIFIER = "com.can.Halic.Tests-macOS";
				PRODUCT_NAME = "$(TARGET_NAME)";
				SDKROOT = macosx;
				SWIFT_VERSION = 5.0;
				TEST_TARGET_NAME = "Halic (macOS)";
			};
			name = Release;
		};
/* End XCBuildConfiguration section */

/* Begin XCConfigurationList section */
		E88285EE267DF84300282DB3 /* Build configuration list for PBXProject "Halic" */ = {
			isa = XCConfigurationList;
			buildConfigurations = (
				E882861F267DF84500282DB3 /* Debug */,
				E8828620267DF84500282DB3 /* Release */,
			);
			defaultConfigurationIsVisible = 0;
			defaultConfigurationName = Release;
		};
		E8828621267DF84500282DB3 /* Build configuration list for PBXNativeTarget "Halic (iOS)" */ = {
			isa = XCConfigurationList;
			buildConfigurations = (
				E8828622267DF84500282DB3 /* Debug */,
				E8828623267DF84500282DB3 /* Release */,
			);
			defaultConfigurationIsVisible = 0;
			defaultConfigurationName = Release;
		};
		E8828624267DF84500282DB3 /* Build configuration list for PBXNativeTarget "Halic (macOS)" */ = {
			isa = XCConfigurationList;
			buildConfigurations = (
				E8828625267DF84500282DB3 /* Debug */,
				E8828626267DF84500282DB3 /* Release */,
			);
			defaultConfigurationIsVisible = 0;
			defaultConfigurationName = Release;
		};
		E8828627267DF84500282DB3 /* Build configuration list for PBXNativeTarget "Tests iOS" */ = {
			isa = XCConfigurationList;
			buildConfigurations = (
				E8828628267DF84500282DB3 /* Debug */,
				E8828629267DF84500282DB3 /* Release */,
			);
			defaultConfigurationIsVisible = 0;
			defaultConfigurationName = Release;
		};
		E882862A267DF84500282DB3 /* Build configuration list for PBXNativeTarget "Tests macOS" */ = {
			isa = XCConfigurationList;
			buildConfigurations = (
				E882862B267DF84500282DB3 /* Debug */,
				E882862C267DF84500282DB3 /* Release */,
			);
			defaultConfigurationIsVisible = 0;
			defaultConfigurationName = Release;
		};
/* End XCConfigurationList section */
	};
	rootObject = E88285EB267DF84300282DB3 /* Project object */;
}
